
Microsoft Visual Studio Solution File, Format Version 12.00
# Visual Studio 2012
Project("{FAE04EC0-301F-11D3-BF4B-00C04F79EFBC}") = "ikeep2", "ikeep2\ikeep2.csproj", "{6C86BBFD-F401-41B7-81FC-AECEC9770420}"
EndProject
Global
	GlobalSection(SolutionConfigurationPlatforms) = preSolution
		Debug|iPhoneSimulator = Debug|iPhoneSimulator
		Release|iPhone = Release|iPhone
		Release|iPhoneSimulator = Release|iPhoneSimulator
		Debug|iPhone = Debug|iPhone
	EndGlobalSection
	GlobalSection(ProjectConfigurationPlatforms) = postSolution
		{6C86BBFD-F401-41B7-81FC-AECEC9770420}.Debug|iPhoneSimulator.ActiveCfg = Debug|iPhoneSimulator
		{6C86BBFD-F401-41B7-81FC-AECEC9770420}.Debug|iPhoneSimulator.Build.0 = Debug|iPhoneSimulator
		{6C86BBFD-F401-41B7-81FC-AECEC9770420}.Release|iPhone.ActiveCfg = Release|iPhone
		{6C86BBFD-F401-41B7-81FC-AECEC9770420}.Release|iPhone.Build.0 = Release|iPhone
		{6C86BBFD-F401-41B7-81FC-AECEC9770420}.Release|iPhoneSimulator.ActiveCfg = Release|iPhoneSimulator
		{6C86BBFD-F401-41B7-81FC-AECEC9770420}.Release|iPhoneSimulator.Build.0 = Release|iPhoneSimulator
		{6C86BBFD-F401-41B7-81FC-AECEC9770420}.Debug|iPhone.ActiveCfg = Debug|iPhone
		{6C86BBFD-F401-41B7-81FC-AECEC9770420}.Debug|iPhone.Build.0 = Debug|iPhone
	EndGlobalSection
EndGlobal
